
Microsoft Visual Studio Solution File, Format Version 12.00
# Visual Studio 2013
VisualStudioVersion = 12.0.31101.0
MinimumVisualStudioVersion = 10.0.40219.1
Project("{FAE04EC0-301F-11D3-BF4B-00C04F79EFBC}") = "MerchantEnrolmentApi", "MerchantEnrolmentApi\MerchantEnrolmentApi.csproj", "{86C15FB2-B3CE-41E4-80D9-D3473CA7F099}"
EndProject
Project("{2150E333-8FDC-42A3-9474-1A3956D46DE8}") = "MerchantEnrolment.BusinessLayer", "MerchantEnrolment.BusinessLayer", "{B5E4084D-6DAE-4886-879F-4586F18F6A6B}"
EndProject
Project("{2150E333-8FDC-42A3-9474-1A3956D46DE8}") = "MerchantEnrolment.Common", "MerchantEnrolment.Common", "{A0BA1BDF-5AF6-4BE1-90A9-E9A5A80D0751}"
EndProject
Project("{2150E333-8FDC-42A3-9474-1A3956D46DE8}") = "MerchantEnrolment.DataAccessLayer", "MerchantEnrolment.DataAccessLayer", "{D921647A-0C36-4A99-B576-8F873D9933FD}"
EndProject
Project("{FAE04EC0-301F-11D3-BF4B-00C04F79EFBC}") = "MerchantEnrolment.BusinessLayer", "MerchantEnrolment.BusinessLayer\MerchantEnrolment.BusinessLayer.csproj", "{2BBED367-F3C3-48AB-AD82-EE19CDEBE2F6}"
EndProject
Project("{FAE04EC0-301F-11D3-BF4B-00C04F79EFBC}") = "MerchantEnrolment.Common", "MerchantEnrolment.Common\MerchantEnrolment.Common.csproj", "{1F45E74B-78FE-4D71-A4F3-961E97CE1A9F}"
EndProject
Project("{FAE04EC0-301F-11D3-BF4B-00C04F79EFBC}") = "MerchantEnrolment.DataAccessLayer", "MerchantEnrolment.DataAccessLayer\MerchantEnrolment.DataAccessLayer.csproj", "{EDB859BE-CFEC-4BB3-A055-42C53706DEA2}"
EndProject
Global
	GlobalSection(SolutionConfigurationPlatforms) = preSolution
		Debug|Any CPU = Debug|Any CPU
		Release|Any CPU = Release|Any CPU
	EndGlobalSection
	GlobalSection(ProjectConfigurationPlatforms) = postSolution
		{86C15FB2-B3CE-41E4-80D9-D3473CA7F099}.Debug|Any CPU.ActiveCfg = Debug|Any CPU
		{86C15FB2-B3CE-41E4-80D9-D3473CA7F099}.Debug|Any CPU.Build.0 = Debug|Any CPU
		{86C15FB2-B3CE-41E4-80D9-D3473CA7F099}.Release|Any CPU.ActiveCfg = Release|Any CPU
		{86C15FB2-B3CE-41E4-80D9-D3473CA7F099}.Release|Any CPU.Build.0 = Release|Any CPU
		{2BBED367-F3C3-48AB-AD82-EE19CDEBE2F6}.Debug|Any CPU.ActiveCfg = Debug|Any CPU
		{2BBED367-F3C3-48AB-AD82-EE19CDEBE2F6}.Debug|Any CPU.Build.0 = Debug|Any CPU
		{2BBED367-F3C3-48AB-AD82-EE19CDEBE2F6}.Release|Any CPU.ActiveCfg = Release|Any CPU
		{2BBED367-F3C3-48AB-AD82-EE19CDEBE2F6}.Release|Any CPU.Build.0 = Release|Any CPU
		{1F45E74B-78FE-4D71-A4F3-961E97CE1A9F}.Debug|Any CPU.ActiveCfg = Debug|Any CPU
		{1F45E74B-78FE-4D71-A4F3-961E97CE1A9F}.Debug|Any CPU.Build.0 = Debug|Any CPU
		{1F45E74B-78FE-4D71-A4F3-961E97CE1A9F}.Release|Any CPU.ActiveCfg = Release|Any CPU
		{1F45E74B-78FE-4D71-A4F3-961E97CE1A9F}.Release|Any CPU.Build.0 = Release|Any CPU
		{EDB859BE-CFEC-4BB3-A055-42C53706DEA2}.Debug|Any CPU.ActiveCfg = Debug|Any CPU
		{EDB859BE-CFEC-4BB3-A055-42C53706DEA2}.Debug|Any CPU.Build.0 = Debug|Any CPU
		{EDB859BE-CFEC-4BB3-A055-42C53706DEA2}.Release|Any CPU.ActiveCfg = Release|Any CPU
		{EDB859BE-CFEC-4BB3-A055-42C53706DEA2}.Release|Any CPU.Build.0 = Release|Any CPU
	EndGlobalSection
	GlobalSection(SolutionProperties) = preSolution
		HideSolutionNode = FALSE
	EndGlobalSection
	GlobalSection(NestedProjects) = preSolution
		{2BBED367-F3C3-48AB-AD82-EE19CDEBE2F6} = {B5E4084D-6DAE-4886-879F-4586F18F6A6B}
		{1F45E74B-78FE-4D71-A4F3-961E97CE1A9F} = {A0BA1BDF-5AF6-4BE1-90A9-E9A5A80D0751}
		{EDB859BE-CFEC-4BB3-A055-42C53706DEA2} = {D921647A-0C36-4A99-B576-8F873D9933FD}
	EndGlobalSection
EndGlobal
